
Microsoft Visual Studio Solution File, Format Version 12.00
# Visual Studio 15
VisualStudioVersion = 15.0.28010.2026
MinimumVisualStudioVersion = 10.0.40219.1
Project("{FAE04EC0-301F-11D3-BF4B-00C04F79EFBC}") = "SQLiteExtension", "SQLiteExtension\SQLiteExtension.csproj", "{69DE62CF-5B88-46A6-B58F-CB8B3251BDAD}"
EndProject
Project("{FAE04EC0-301F-11D3-BF4B-00C04F79EFBC}") = "SQLiteExample", "SQLiteExample\SQLiteExample.csproj", "{F037A56F-BFB6-44F1-A511-70A76472672C}"
EndProject
Global
	GlobalSection(SolutionConfigurationPlatforms) = preSolution
		Debug|Any CPU = Debug|Any CPU
		Release|Any CPU = Release|Any CPU
	EndGlobalSection
	GlobalSection(ProjectConfigurationPlatforms) = postSolution
		{69DE62CF-5B88-46A6-B58F-CB8B3251BDAD}.Debug|Any CPU.ActiveCfg = Debug|Any CPU
		{69DE62CF-5B88-46A6-B58F-CB8B3251BDAD}.Debug|Any CPU.Build.0 = Debug|Any CPU
		{69DE62CF-5B88-46A6-B58F-CB8B3251BDAD}.Release|Any CPU.ActiveCfg = Release|Any CPU
		{69DE62CF-5B88-46A6-B58F-CB8B3251BDAD}.Release|Any CPU.Build.0 = Release|Any CPU
		{F037A56F-BFB6-44F1-A511-70A76472672C}.Debug|Any CPU.ActiveCfg = Debug|Any CPU
		{F037A56F-BFB6-44F1-A511-70A76472672C}.Debug|Any CPU.Build.0 = Debug|Any CPU
		{F037A56F-BFB6-44F1-A511-70A76472672C}.Release|Any CPU.ActiveCfg = Release|Any CPU
		{F037A56F-BFB6-44F1-A511-70A76472672C}.Release|Any CPU.Build.0 = Release|Any CPU
	EndGlobalSection
	GlobalSection(SolutionProperties) = preSolution
		HideSolutionNode = FALSE
	EndGlobalSection
	GlobalSection(ExtensibilityGlobals) = postSolution
		SolutionGuid = {14722739-0B9E-4B74-86B7-EE2B493C7ED3}
	EndGlobalSection
EndGlobal
